
Microsoft Visual Studio Solution File, Format Version 12.00
# Visual Studio 15
VisualStudioVersion = 15.0.26730.12
MinimumVisualStudioVersion = 10.0.40219.1
Project("{FAE04EC0-301F-11D3-BF4B-00C04F79EFBC}") = "AbstractCafeModel", "AbstractCafeModel\AbstractCafeModel.csproj", "{7A2B09EA-EDC7-4830-B93B-532FDFEB9182}"
EndProject
Project("{FAE04EC0-301F-11D3-BF4B-00C04F79EFBC}") = "AbstractCafeService", "AbstractCafeService\AbstractCafeService.csproj", "{259AC08C-07F0-4AB2-A38D-BEC011C5AF9F}"
EndProject
Project("{FAE04EC0-301F-11D3-BF4B-00C04F79EFBC}") = "AbstractCafeView", "AbstractCafeView\AbstractCafeView.csproj", "{A0076B0C-3387-45DA-A731-773FA70DE28F}"
EndProject
Project("{FAE04EC0-301F-11D3-BF4B-00C04F79EFBC}") = "AbstractCafeRestApi", "AbstractCafeRestApi\AbstractCafeRestApi.csproj", "{74F174B3-9F09-4C31-B6C5-9BB796A0B7C8}"
EndProject
Global
	GlobalSection(SolutionConfigurationPlatforms) = preSolution
		Debug|Any CPU = Debug|Any CPU
		Release|Any CPU = Release|Any CPU
	EndGlobalSection
	GlobalSection(ProjectConfigurationPlatforms) = postSolution
		{7A2B09EA-EDC7-4830-B93B-532FDFEB9182}.Debug|Any CPU.ActiveCfg = Debug|Any CPU
		{7A2B09EA-EDC7-4830-B93B-532FDFEB9182}.Debug|Any CPU.Build.0 = Debug|Any CPU
		{7A2B09EA-EDC7-4830-B93B-532FDFEB9182}.Release|Any CPU.ActiveCfg = Release|Any CPU
		{7A2B09EA-EDC7-4830-B93B-532FDFEB9182}.Release|Any CPU.Build.0 = Release|Any CPU
		{259AC08C-07F0-4AB2-A38D-BEC011C5AF9F}.Debug|Any CPU.ActiveCfg = Debug|Any CPU
		{259AC08C-07F0-4AB2-A38D-BEC011C5AF9F}.Debug|Any CPU.Build.0 = Debug|Any CPU
		{259AC08C-07F0-4AB2-A38D-BEC011C5AF9F}.Release|Any CPU.ActiveCfg = Release|Any CPU
		{259AC08C-07F0-4AB2-A38D-BEC011C5AF9F}.Release|Any CPU.Build.0 = Release|Any CPU
		{A0076B0C-3387-45DA-A731-773FA70DE28F}.Debug|Any CPU.ActiveCfg = Debug|Any CPU
		{A0076B0C-3387-45DA-A731-773FA70DE28F}.Debug|Any CPU.Build.0 = Debug|Any CPU
		{A0076B0C-3387-45DA-A731-773FA70DE28F}.Release|Any CPU.ActiveCfg = Release|Any CPU
		{A0076B0C-3387-45DA-A731-773FA70DE28F}.Release|Any CPU.Build.0 = Release|Any CPU
		{74F174B3-9F09-4C31-B6C5-9BB796A0B7C8}.Debug|Any CPU.ActiveCfg = Debug|Any CPU
		{74F174B3-9F09-4C31-B6C5-9BB796A0B7C8}.Debug|Any CPU.Build.0 = Debug|Any CPU
		{74F174B3-9F09-4C31-B6C5-9BB796A0B7C8}.Release|Any CPU.ActiveCfg = Release|Any CPU
		{74F174B3-9F09-4C31-B6C5-9BB796A0B7C8}.Release|Any CPU.Build.0 = Release|Any CPU
	EndGlobalSection
	GlobalSection(SolutionProperties) = preSolution
		HideSolutionNode = FALSE
	EndGlobalSection
	GlobalSection(ExtensibilityGlobals) = postSolution
		SolutionGuid = {E1116FBE-E5F3-49A3-A909-BEB25046D742}
	EndGlobalSection
EndGlobal
